
Microsoft Visual Studio Solution File, Format Version 12.00
# Visual Studio Version 17
VisualStudioVersion = 17.0.31611.283
MinimumVisualStudioVersion = 10.0.40219.1
Project("{9A19103F-16F7-4668-BE54-9A1E7A4F7556}") = "PSI", "PSI\PSI.csproj", "{B1DE97C5-60E2-4261-A099-4C0DB3A831B8}"
EndProject
Project("{9A19103F-16F7-4668-BE54-9A1E7A4F7556}") = "PSIAPI", "PSIAPI\PSIAPI.csproj", "{44B8678B-FE1E-4868-8CBF-19304A7D1650}"
EndProject
Project("{FAE04EC0-301F-11D3-BF4B-00C04F79EFBC}") = "XUnitTests", "XUnitTests\XUnitTests.csproj", "{C6AED75D-EF91-4642-B114-74FF4D04A6EA}"
EndProject
Global
	GlobalSection(SolutionConfigurationPlatforms) = preSolution
		Debug|Any CPU = Debug|Any CPU
		Release|Any CPU = Release|Any CPU
	EndGlobalSection
	GlobalSection(ProjectConfigurationPlatforms) = postSolution
		{B1DE97C5-60E2-4261-A099-4C0DB3A831B8}.Debug|Any CPU.ActiveCfg = Debug|Any CPU
		{B1DE97C5-60E2-4261-A099-4C0DB3A831B8}.Debug|Any CPU.Build.0 = Debug|Any CPU
		{B1DE97C5-60E2-4261-A099-4C0DB3A831B8}.Debug|Any CPU.Deploy.0 = Debug|Any CPU
		{B1DE97C5-60E2-4261-A099-4C0DB3A831B8}.Release|Any CPU.ActiveCfg = Release|Any CPU
		{B1DE97C5-60E2-4261-A099-4C0DB3A831B8}.Release|Any CPU.Build.0 = Release|Any CPU
		{B1DE97C5-60E2-4261-A099-4C0DB3A831B8}.Release|Any CPU.Deploy.0 = Release|Any CPU
		{44B8678B-FE1E-4868-8CBF-19304A7D1650}.Debug|Any CPU.ActiveCfg = Debug|Any CPU
		{44B8678B-FE1E-4868-8CBF-19304A7D1650}.Debug|Any CPU.Build.0 = Debug|Any CPU
		{44B8678B-FE1E-4868-8CBF-19304A7D1650}.Release|Any CPU.ActiveCfg = Release|Any CPU
		{44B8678B-FE1E-4868-8CBF-19304A7D1650}.Release|Any CPU.Build.0 = Release|Any CPU
		{C6AED75D-EF91-4642-B114-74FF4D04A6EA}.Debug|Any CPU.ActiveCfg = Debug|Any CPU
		{C6AED75D-EF91-4642-B114-74FF4D04A6EA}.Debug|Any CPU.Build.0 = Debug|Any CPU
		{C6AED75D-EF91-4642-B114-74FF4D04A6EA}.Release|Any CPU.ActiveCfg = Release|Any CPU
		{C6AED75D-EF91-4642-B114-74FF4D04A6EA}.Release|Any CPU.Build.0 = Release|Any CPU
	EndGlobalSection
	GlobalSection(SolutionProperties) = preSolution
		HideSolutionNode = FALSE
	EndGlobalSection
	GlobalSection(ExtensibilityGlobals) = postSolution
		SolutionGuid = {61F7FB11-1E47-470C-91E2-47F8143E1572}
	EndGlobalSection
EndGlobal
